
Microsoft Visual Studio Solution File, Format Version 12.00
# Visual Studio Version 17
VisualStudioVersion = 17.14.36616.10 d17.14
MinimumVisualStudioVersion = 10.0.40219.1
Project("{FAE04EC0-301F-11D3-BF4B-00C04F79EFBC}") = "AzureCinemaHub", "AzureCinemaHub\AzureCinemaHub.csproj", "{EEAB8A6F-DA13-4933-924C-D68B1FC24E46}"
EndProject
Global
	GlobalSection(SolutionConfigurationPlatforms) = preSolution
		Debug|Any CPU = Debug|Any CPU
		Release|Any CPU = Release|Any CPU
	EndGlobalSection
	GlobalSection(ProjectConfigurationPlatforms) = postSolution
		{EEAB8A6F-DA13-4933-924C-D68B1FC24E46}.Debug|Any CPU.ActiveCfg = Debug|Any CPU
		{EEAB8A6F-DA13-4933-924C-D68B1FC24E46}.Debug|Any CPU.Build.0 = Debug|Any CPU
		{EEAB8A6F-DA13-4933-924C-D68B1FC24E46}.Release|Any CPU.ActiveCfg = Release|Any CPU
		{EEAB8A6F-DA13-4933-924C-D68B1FC24E46}.Release|Any CPU.Build.0 = Release|Any CPU
	EndGlobalSection
	GlobalSection(SolutionProperties) = preSolution
		HideSolutionNode = FALSE
	EndGlobalSection
	GlobalSection(ExtensibilityGlobals) = postSolution
		SolutionGuid = {3366EA6C-2CCF-4498-B770-F9A82FF4997E}
	EndGlobalSection
EndGlobal
